# This file is generated by running "yarn install" inside your project.
# Manual changes might be lost - proceed with caution!

__metadata:
  version: 6
  cacheKey: 8

"@jridgewell/gen-mapping@npm:^0.3.5":
  version: 0.3.5
  resolution: "@jridgewell/gen-mapping@npm:0.3.5"
  dependencies:
    "@jridgewell/set-array": ^1.2.1
    "@jridgewell/sourcemap-codec": ^1.4.10
    "@jridgewell/trace-mapping": ^0.3.24
  checksum: ff7a1764ebd76a5e129c8890aa3e2f46045109dabde62b0b6c6a250152227647178ff2069ea234753a690d8f3c4ac8b5e7b267bbee272bffb7f3b0a370ab6e52
  languageName: node
  linkType: hard

"@jridgewell/resolve-uri@npm:^3.1.0":
  version: 3.1.2
  resolution: "@jridgewell/resolve-uri@npm:3.1.2"
  checksum: 83b85f72c59d1c080b4cbec0fef84528963a1b5db34e4370fa4bd1e3ff64a0d80e0cee7369d11d73c704e0286fb2865b530acac7a871088fbe92b5edf1000870
  languageName: node
  linkType: hard

"@jridgewell/set-array@npm:^1.2.1":
  version: 1.2.1
  resolution: "@jridgewell/set-array@npm:1.2.1"
  checksum: 832e513a85a588f8ed4f27d1279420d8547743cc37fcad5a5a76fc74bb895b013dfe614d0eed9cb860048e6546b798f8f2652020b4b2ba0561b05caa8c654b10
  languageName: node
  linkType: hard

"@jridgewell/source-map@npm:^0.3.3":
  version: 0.3.6
  resolution: "@jridgewell/source-map@npm:0.3.6"
  dependencies:
    "@jridgewell/gen-mapping": ^0.3.5
    "@jridgewell/trace-mapping": ^0.3.25
  checksum: c9dc7d899397df95e3c9ec287b93c0b56f8e4453cd20743e2b9c8e779b1949bc3cccf6c01bb302779e46560eb45f62ea38d19fedd25370d814734268450a9f30
  languageName: node
  linkType: hard

"@jridgewell/sourcemap-codec@npm:^1.4.10":
  version: 1.4.14
  resolution: "@jridgewell/sourcemap-codec@npm:1.4.14"
  checksum: 61100637b6d173d3ba786a5dff019e1a74b1f394f323c1fee337ff390239f053b87266c7a948777f4b1ee68c01a8ad0ab61e5ff4abb5a012a0b091bec391ab97
  languageName: node
  linkType: hard

"@jridgewell/sourcemap-codec@npm:^1.4.14":
  version: 1.5.0
  resolution: "@jridgewell/sourcemap-codec@npm:1.5.0"
  checksum: 05df4f2538b3b0f998ea4c1cd34574d0feba216fa5d4ccaef0187d12abf82eafe6021cec8b49f9bb4d90f2ba4582ccc581e72986a5fcf4176ae0cfeb04cf52ec
  languageName: node
  linkType: hard

"@jridgewell/trace-mapping@npm:^0.3.20, @jridgewell/trace-mapping@npm:^0.3.24, @jridgewell/trace-mapping@npm:^0.3.25":
  version: 0.3.25
  resolution: "@jridgewell/trace-mapping@npm:0.3.25"
  dependencies:
    "@jridgewell/resolve-uri": ^3.1.0
    "@jridgewell/sourcemap-codec": ^1.4.14
  checksum: 9d3c40d225e139987b50c48988f8717a54a8c994d8a948ee42e1412e08988761d0754d7d10b803061cc3aebf35f92a5dbbab493bd0e1a9ef9e89a2130e83ba34
  languageName: node
  linkType: hard

"@prettier/bundle-test@workspace:.":
  version: 0.0.0-use.local
  resolution: "@prettier/bundle-test@workspace:."
  dependencies:
    webpack: 5.94.0
  languageName: unknown
  linkType: soft

"@types/estree@npm:^1.0.5":
  version: 1.0.6
  resolution: "@types/estree@npm:1.0.6"
  checksum: 8825d6e729e16445d9a1dd2fb1db2edc5ed400799064cd4d028150701031af012ba30d6d03fe9df40f4d7a437d0de6d2b256020152b7b09bde9f2e420afdffd9
  languageName: node
  linkType: hard

"@types/json-schema@npm:^7.0.8":
  version: 7.0.11
  resolution: "@types/json-schema@npm:7.0.11"
  checksum: 527bddfe62db9012fccd7627794bd4c71beb77601861055d87e3ee464f2217c85fca7a4b56ae677478367bbd248dbde13553312b7d4dbc702a2f2bbf60c4018d
  languageName: node
  linkType: hard

"@types/node@npm:*":
  version: 18.0.6
  resolution: "@types/node@npm:18.0.6"
  checksum: 780f8885a6b6eb12f4c0246617747fdc37a451931b3c01ce8148d356c0903b705dcb16cc6a914de63d48b0dc1b002c7a3dfae681f580e1761aa551d3cd996813
  languageName: node
  linkType: hard

"@webassemblyjs/ast@npm:1.12.1, @webassemblyjs/ast@npm:^1.12.1":
  version: 1.12.1
  resolution: "@webassemblyjs/ast@npm:1.12.1"
  dependencies:
    "@webassemblyjs/helper-numbers": 1.11.6
    "@webassemblyjs/helper-wasm-bytecode": 1.11.6
  checksum: 31bcc64147236bd7b1b6d29d1f419c1f5845c785e1e42dc9e3f8ca2e05a029e9393a271b84f3a5bff2a32d35f51ff59e2181a6e5f953fe88576acd6750506202
  languageName: node
  linkType: hard

"@webassemblyjs/floating-point-hex-parser@npm:1.11.6":
  version: 1.11.6
  resolution: "@webassemblyjs/floating-point-hex-parser@npm:1.11.6"
  checksum: 29b08758841fd8b299c7152eda36b9eb4921e9c584eb4594437b5cd90ed6b920523606eae7316175f89c20628da14326801090167cc7fbffc77af448ac84b7e2
  languageName: node
  linkType: hard

"@webassemblyjs/helper-api-error@npm:1.11.6":
  version: 1.11.6
  resolution: "@webassemblyjs/helper-api-error@npm:1.11.6"
  checksum: e8563df85161096343008f9161adb138a6e8f3c2cc338d6a36011aa55eabb32f2fd138ffe63bc278d009ada001cc41d263dadd1c0be01be6c2ed99076103689f
  languageName: node
  linkType: hard

"@webassemblyjs/helper-buffer@npm:1.12.1":
  version: 1.12.1
  resolution: "@webassemblyjs/helper-buffer@npm:1.12.1"
  checksum: c3ffb723024130308db608e86e2bdccd4868bbb62dffb0a9a1530606496f79c87f8565bd8e02805ce64912b71f1a70ee5fb00307258b0c082c3abf961d097eca
  languageName: node
  linkType: hard

"@webassemblyjs/helper-numbers@npm:1.11.6":
  version: 1.11.6
  resolution: "@webassemblyjs/helper-numbers@npm:1.11.6"
  dependencies:
    "@webassemblyjs/floating-point-hex-parser": 1.11.6
    "@webassemblyjs/helper-api-error": 1.11.6
    "@xtuc/long": 4.2.2
  checksum: f4b562fa219f84368528339e0f8d273ad44e047a07641ffcaaec6f93e5b76fd86490a009aa91a294584e1436d74b0a01fa9fde45e333a4c657b58168b04da424
  languageName: node
  linkType: hard

"@webassemblyjs/helper-wasm-bytecode@npm:1.11.6":
  version: 1.11.6
  resolution: "@webassemblyjs/helper-wasm-bytecode@npm:1.11.6"
  checksum: 3535ef4f1fba38de3475e383b3980f4bbf3de72bbb631c2b6584c7df45be4eccd62c6ff48b5edd3f1bcff275cfd605a37679ec199fc91fd0a7705d7f1e3972dc
  languageName: node
  linkType: hard

"@webassemblyjs/helper-wasm-section@npm:1.12.1":
  version: 1.12.1
  resolution: "@webassemblyjs/helper-wasm-section@npm:1.12.1"
  dependencies:
    "@webassemblyjs/ast": 1.12.1
    "@webassemblyjs/helper-buffer": 1.12.1
    "@webassemblyjs/helper-wasm-bytecode": 1.11.6
    "@webassemblyjs/wasm-gen": 1.12.1
  checksum: c19810cdd2c90ff574139b6d8c0dda254d42d168a9e5b3d353d1bc085f1d7164ccd1b3c05592a45a939c47f7e403dc8d03572bb686642f06a3d02932f6f0bc8f
  languageName: node
  linkType: hard

"@webassemblyjs/ieee754@npm:1.11.6":
  version: 1.11.6
  resolution: "@webassemblyjs/ieee754@npm:1.11.6"
  dependencies:
    "@xtuc/ieee754": ^1.2.0
  checksum: 13574b8e41f6ca39b700e292d7edf102577db5650fe8add7066a320aa4b7a7c09a5056feccac7a74eb68c10dea9546d4461412af351f13f6b24b5f32379b49de
  languageName: node
  linkType: hard

"@webassemblyjs/leb128@npm:1.11.6":
  version: 1.11.6
  resolution: "@webassemblyjs/leb128@npm:1.11.6"
  dependencies:
    "@xtuc/long": 4.2.2
  checksum: 7ea942dc9777d4b18a5ebfa3a937b30ae9e1d2ce1fee637583ed7f376334dd1d4274f813d2e250056cca803e0952def4b954913f1a3c9068bcd4ab4ee5143bf0
  languageName: node
  linkType: hard

"@webassemblyjs/utf8@npm:1.11.6":
  version: 1.11.6
  resolution: "@webassemblyjs/utf8@npm:1.11.6"
  checksum: 807fe5b5ce10c390cfdd93e0fb92abda8aebabb5199980681e7c3743ee3306a75729bcd1e56a3903980e96c885ee53ef901fcbaac8efdfa480f9c0dae1d08713
  languageName: node
  linkType: hard

"@webassemblyjs/wasm-edit@npm:^1.12.1":
  version: 1.12.1
  resolution: "@webassemblyjs/wasm-edit@npm:1.12.1"
  dependencies:
    "@webassemblyjs/ast": 1.12.1
    "@webassemblyjs/helper-buffer": 1.12.1
    "@webassemblyjs/helper-wasm-bytecode": 1.11.6
    "@webassemblyjs/helper-wasm-section": 1.12.1
    "@webassemblyjs/wasm-gen": 1.12.1
    "@webassemblyjs/wasm-opt": 1.12.1
    "@webassemblyjs/wasm-parser": 1.12.1
    "@webassemblyjs/wast-printer": 1.12.1
  checksum: ae23642303f030af888d30c4ef37b08dfec7eab6851a9575a616e65d1219f880d9223913a39056dd654e49049d76e97555b285d1f7e56935047abf578cce0692
  languageName: node
  linkType: hard

"@webassemblyjs/wasm-gen@npm:1.12.1":
  version: 1.12.1
  resolution: "@webassemblyjs/wasm-gen@npm:1.12.1"
  dependencies:
    "@webassemblyjs/ast": 1.12.1
    "@webassemblyjs/helper-wasm-bytecode": 1.11.6
    "@webassemblyjs/ieee754": 1.11.6
    "@webassemblyjs/leb128": 1.11.6
    "@webassemblyjs/utf8": 1.11.6
  checksum: 5787626bb7f0b033044471ddd00ce0c9fe1ee4584e8b73e232051e3a4c99ba1a102700d75337151c8b6055bae77eefa4548960c610a5e4a504e356bd872138ff
  languageName: node
  linkType: hard

"@webassemblyjs/wasm-opt@npm:1.12.1":
  version: 1.12.1
  resolution: "@webassemblyjs/wasm-opt@npm:1.12.1"
  dependencies:
    "@webassemblyjs/ast": 1.12.1
    "@webassemblyjs/helper-buffer": 1.12.1
    "@webassemblyjs/wasm-gen": 1.12.1
    "@webassemblyjs/wasm-parser": 1.12.1
  checksum: 0e8fa8a0645304a1e18ff40d3db5a2e9233ebaa169b19fcc651d6fc9fe2cac0ce092ddee927318015ae735d9cd9c5d97c0cafb6a51dcd2932ac73587b62df991
  languageName: node
  linkType: hard

"@webassemblyjs/wasm-parser@npm:1.12.1, @webassemblyjs/wasm-parser@npm:^1.12.1":
  version: 1.12.1
  resolution: "@webassemblyjs/wasm-parser@npm:1.12.1"
  dependencies:
    "@webassemblyjs/ast": 1.12.1
    "@webassemblyjs/helper-api-error": 1.11.6
    "@webassemblyjs/helper-wasm-bytecode": 1.11.6
    "@webassemblyjs/ieee754": 1.11.6
    "@webassemblyjs/leb128": 1.11.6
    "@webassemblyjs/utf8": 1.11.6
  checksum: 176015de3551ac068cd4505d837414f258d9ade7442bd71efb1232fa26c9f6d7d4e11a5c816caeed389943f409af7ebff6899289a992d7a70343cb47009d21a8
  languageName: node
  linkType: hard

"@webassemblyjs/wast-printer@npm:1.12.1":
  version: 1.12.1
  resolution: "@webassemblyjs/wast-printer@npm:1.12.1"
  dependencies:
    "@webassemblyjs/ast": 1.12.1
    "@xtuc/long": 4.2.2
  checksum: 2974b5dda8d769145ba0efd886ea94a601e61fb37114c14f9a9a7606afc23456799af652ac3052f284909bd42edc3665a76bc9b50f95f0794c053a8a1757b713
  languageName: node
  linkType: hard

"@xtuc/ieee754@npm:^1.2.0":
  version: 1.2.0
  resolution: "@xtuc/ieee754@npm:1.2.0"
  checksum: ac56d4ca6e17790f1b1677f978c0c6808b1900a5b138885d3da21732f62e30e8f0d9120fcf8f6edfff5100ca902b46f8dd7c1e3f903728634523981e80e2885a
  languageName: node
  linkType: hard

"@xtuc/long@npm:4.2.2":
  version: 4.2.2
  resolution: "@xtuc/long@npm:4.2.2"
  checksum: 8ed0d477ce3bc9c6fe2bf6a6a2cc316bb9c4127c5a7827bae947fa8ec34c7092395c5a283cc300c05b5fa01cbbfa1f938f410a7bf75db7c7846fea41949989ec
  languageName: node
  linkType: hard

"acorn-import-attributes@npm:^1.9.5":
  version: 1.9.5
  resolution: "acorn-import-attributes@npm:1.9.5"
  peerDependencies:
    acorn: ^8
  checksum: 1c0c49b6a244503964ae46ae850baccf306e84caf99bc2010ed6103c69a423987b07b520a6c619f075d215388bd4923eccac995886a54309eda049ab78a4be95
  languageName: node
  linkType: hard

"acorn@npm:^8.7.1":
  version: 8.8.0
  resolution: "acorn@npm:8.8.0"
  bin:
    acorn: bin/acorn
  checksum: 7270ca82b242eafe5687a11fea6e088c960af712683756abf0791b68855ea9cace3057bd5e998ffcef50c944810c1e0ca1da526d02b32110e13c722aa959afdc
  languageName: node
  linkType: hard

"acorn@npm:^8.8.2":
  version: 8.13.0
  resolution: "acorn@npm:8.13.0"
  bin:
    acorn: bin/acorn
  checksum: f1541f05eb5d6ff67990d1927290809b1ebb663ac96d9c7057c935cf29c5bcaba6d39f37bd007f4bb814f162f142b0f2b2dd4b14128b8fcfaf9f0508a6f05f1c
  languageName: node
  linkType: hard

"ajv-keywords@npm:^3.5.2":
  version: 3.5.2
  resolution: "ajv-keywords@npm:3.5.2"
  peerDependencies:
    ajv: ^6.9.1
  checksum: 7dc5e5931677a680589050f79dcbe1fefbb8fea38a955af03724229139175b433c63c68f7ae5f86cf8f65d55eb7c25f75a046723e2e58296707617ca690feae9
  languageName: node
  linkType: hard

"ajv@npm:^6.12.5":
  version: 6.12.6
  resolution: "ajv@npm:6.12.6"
  dependencies:
    fast-deep-equal: ^3.1.1
    fast-json-stable-stringify: ^2.0.0
    json-schema-traverse: ^0.4.1
    uri-js: ^4.2.2
  checksum: 874972efe5c4202ab0a68379481fbd3d1b5d0a7bd6d3cc21d40d3536ebff3352a2a1fabb632d4fd2cc7fe4cbdcd5ed6782084c9bbf7f32a1536d18f9da5007d4
  languageName: node
  linkType: hard

"browserslist@npm:^4.21.10":
  version: 4.24.0
  resolution: "browserslist@npm:4.24.0"
  dependencies:
    caniuse-lite: ^1.0.30001663
    electron-to-chromium: ^1.5.28
    node-releases: ^2.0.18
    update-browserslist-db: ^1.1.0
  bin:
    browserslist: cli.js
  checksum: de200d3eb8d6ed819dad99719099a28fb6ebeb88016a5ac42fbdc11607e910c236a84ca1b0bbf232477d4b88ab64e8ab6aa67557cdd40a73ca9c2834f92ccce0
  languageName: node
  linkType: hard

"buffer-from@npm:^1.0.0":
  version: 1.1.2
  resolution: "buffer-from@npm:1.1.2"
  checksum: 0448524a562b37d4d7ed9efd91685a5b77a50672c556ea254ac9a6d30e3403a517d8981f10e565db24e8339413b43c97ca2951f10e399c6125a0d8911f5679bb
  languageName: node
  linkType: hard

"caniuse-lite@npm:^1.0.30001663":
  version: 1.0.30001669
  resolution: "caniuse-lite@npm:1.0.30001669"
  checksum: 8ed0c69d0c6aa3b1cbc5ba4e5f5330943e7b7165e257f6955b8b73f043d07ad922265261f2b54d9bbaf02886bbdba5e6f5b16662310a13f91f17035af3212de1
  languageName: node
  linkType: hard

"chrome-trace-event@npm:^1.0.2":
  version: 1.0.3
  resolution: "chrome-trace-event@npm:1.0.3"
  checksum: cb8b1fc7e881aaef973bd0c4a43cd353c2ad8323fb471a041e64f7c2dd849cde4aad15f8b753331a32dda45c973f032c8a03b8177fc85d60eaa75e91e08bfb97
  languageName: node
  linkType: hard

"commander@npm:^2.20.0":
  version: 2.20.3
  resolution: "commander@npm:2.20.3"
  checksum: ab8c07884e42c3a8dbc5dd9592c606176c7eb5c1ca5ff274bcf907039b2c41de3626f684ea75ccf4d361ba004bbaff1f577d5384c155f3871e456bdf27becf9e
  languageName: node
  linkType: hard

"electron-to-chromium@npm:^1.5.28":
  version: 1.5.41
  resolution: "electron-to-chromium@npm:1.5.41"
  checksum: 942cc53beabeb0647598d432155e2c21bed0de3dfd46576112aeed4157ea59543875c8a99038c5b05e8843fb3b91f14278ed4ea2bf4943845b26456ec20d2c9b
  languageName: node
  linkType: hard

"enhanced-resolve@npm:^5.17.1":
  version: 5.17.1
  resolution: "enhanced-resolve@npm:5.17.1"
  dependencies:
    graceful-fs: ^4.2.4
    tapable: ^2.2.0
  checksum: 4bc38cf1cea96456f97503db7280394177d1bc46f8f87c267297d04f795ac5efa81e48115a2f5b6273c781027b5b6bfc5f62b54df629e4d25fa7001a86624f59
  languageName: node
  linkType: hard

"es-module-lexer@npm:^1.2.1":
  version: 1.2.1
  resolution: "es-module-lexer@npm:1.2.1"
  checksum: c4145b853e1491eaa5d591e4580926d242978c38071ad3d09165c3b6d50314cc0ae3bf6e1dec81a9e53768b9299df2063d2e4a67d7742a5029ddeae6c4fc26f0
  languageName: node
  linkType: hard

"escalade@npm:^3.2.0":
  version: 3.2.0
  resolution: "escalade@npm:3.2.0"
  checksum: 47b029c83de01b0d17ad99ed766347b974b0d628e848de404018f3abee728e987da0d2d370ad4574aa3d5b5bfc368754fd085d69a30f8e75903486ec4b5b709e
  languageName: node
  linkType: hard

"eslint-scope@npm:5.1.1":
  version: 5.1.1
  resolution: "eslint-scope@npm:5.1.1"
  dependencies:
    esrecurse: ^4.3.0
    estraverse: ^4.1.1
  checksum: 47e4b6a3f0cc29c7feedee6c67b225a2da7e155802c6ea13bbef4ac6b9e10c66cd2dcb987867ef176292bf4e64eccc680a49e35e9e9c669f4a02bac17e86abdb
  languageName: node
  linkType: hard

"esrecurse@npm:^4.3.0":
  version: 4.3.0
  resolution: "esrecurse@npm:4.3.0"
  dependencies:
    estraverse: ^5.2.0
  checksum: ebc17b1a33c51cef46fdc28b958994b1dc43cd2e86237515cbc3b4e5d2be6a811b2315d0a1a4d9d340b6d2308b15322f5c8291059521cc5f4802f65e7ec32837
  languageName: node
  linkType: hard

"estraverse@npm:^4.1.1":
  version: 4.3.0
  resolution: "estraverse@npm:4.3.0"
  checksum: a6299491f9940bb246124a8d44b7b7a413a8336f5436f9837aaa9330209bd9ee8af7e91a654a3545aee9c54b3308e78ee360cef1d777d37cfef77d2fa33b5827
  languageName: node
  linkType: hard

"estraverse@npm:^5.2.0":
  version: 5.3.0
  resolution: "estraverse@npm:5.3.0"
  checksum: 072780882dc8416ad144f8fe199628d2b3e7bbc9989d9ed43795d2c90309a2047e6bc5979d7e2322a341163d22cfad9e21f4110597fe487519697389497e4e2b
  languageName: node
  linkType: hard

"events@npm:^3.2.0":
  version: 3.3.0
  resolution: "events@npm:3.3.0"
  checksum: f6f487ad2198aa41d878fa31452f1a3c00958f46e9019286ff4787c84aac329332ab45c9cdc8c445928fc6d7ded294b9e005a7fce9426488518017831b272780
  languageName: node
  linkType: hard

"fast-deep-equal@npm:^3.1.1":
  version: 3.1.3
  resolution: "fast-deep-equal@npm:3.1.3"
  checksum: e21a9d8d84f53493b6aa15efc9cfd53dd5b714a1f23f67fb5dc8f574af80df889b3bce25dc081887c6d25457cce704e636395333abad896ccdec03abaf1f3f9d
  languageName: node
  linkType: hard

"fast-json-stable-stringify@npm:^2.0.0":
  version: 2.1.0
  resolution: "fast-json-stable-stringify@npm:2.1.0"
  checksum: b191531e36c607977e5b1c47811158733c34ccb3bfde92c44798929e9b4154884378536d26ad90dfecd32e1ffc09c545d23535ad91b3161a27ddbb8ebe0cbecb
  languageName: node
  linkType: hard

"glob-to-regexp@npm:^0.4.1":
  version: 0.4.1
  resolution: "glob-to-regexp@npm:0.4.1"
  checksum: e795f4e8f06d2a15e86f76e4d92751cf8bbfcf0157cea5c2f0f35678a8195a750b34096b1256e436f0cebc1883b5ff0888c47348443e69546a5a87f9e1eb1167
  languageName: node
  linkType: hard

"graceful-fs@npm:^4.1.2, graceful-fs@npm:^4.2.4":
  version: 4.2.10
  resolution: "graceful-fs@npm:4.2.10"
  checksum: 3f109d70ae123951905d85032ebeae3c2a5a7a997430df00ea30df0e3a6c60cf6689b109654d6fdacd28810a053348c4d14642da1d075049e6be1ba5216218da
  languageName: node
  linkType: hard

"graceful-fs@npm:^4.2.11":
  version: 4.2.11
  resolution: "graceful-fs@npm:4.2.11"
  checksum: ac85f94da92d8eb6b7f5a8b20ce65e43d66761c55ce85ac96df6865308390da45a8d3f0296dd3a663de65d30ba497bd46c696cc1e248c72b13d6d567138a4fc7
  languageName: node
  linkType: hard

"has-flag@npm:^4.0.0":
  version: 4.0.0
  resolution: "has-flag@npm:4.0.0"
  checksum: 261a1357037ead75e338156b1f9452c016a37dcd3283a972a30d9e4a87441ba372c8b81f818cd0fbcd9c0354b4ae7e18b9e1afa1971164aef6d18c2b6095a8ad
  languageName: node
  linkType: hard

"jest-worker@npm:^27.4.5":
  version: 27.5.1
  resolution: "jest-worker@npm:27.5.1"
  dependencies:
    "@types/node": "*"
    merge-stream: ^2.0.0
    supports-color: ^8.0.0
  checksum: 98cd68b696781caed61c983a3ee30bf880b5bd021c01d98f47b143d4362b85d0737f8523761e2713d45e18b4f9a2b98af1eaee77afade4111bb65c77d6f7c980
  languageName: node
  linkType: hard

"json-parse-even-better-errors@npm:^2.3.1":
  version: 2.3.1
  resolution: "json-parse-even-better-errors@npm:2.3.1"
  checksum: 798ed4cf3354a2d9ccd78e86d2169515a0097a5c133337807cdf7f1fc32e1391d207ccfc276518cc1d7d8d4db93288b8a50ba4293d212ad1336e52a8ec0a941f
  languageName: node
  linkType: hard

"json-schema-traverse@npm:^0.4.1":
  version: 0.4.1
  resolution: "json-schema-traverse@npm:0.4.1"
  checksum: 7486074d3ba247769fda17d5181b345c9fb7d12e0da98b22d1d71a5db9698d8b4bd900a3ec1a4ffdd60846fc2556274a5c894d0c48795f14cb03aeae7b55260b
  languageName: node
  linkType: hard

"loader-runner@npm:^4.2.0":
  version: 4.3.0
  resolution: "loader-runner@npm:4.3.0"
  checksum: a90e00dee9a16be118ea43fec3192d0b491fe03a32ed48a4132eb61d498f5536a03a1315531c19d284392a8726a4ecad71d82044c28d7f22ef62e029bf761569
  languageName: node
  linkType: hard

"merge-stream@npm:^2.0.0":
  version: 2.0.0
  resolution: "merge-stream@npm:2.0.0"
  checksum: 6fa4dcc8d86629705cea944a4b88ef4cb0e07656ebf223fa287443256414283dd25d91c1cd84c77987f2aec5927af1a9db6085757cb43d90eb170ebf4b47f4f4
  languageName: node
  linkType: hard

"mime-db@npm:1.52.0":
  version: 1.52.0
  resolution: "mime-db@npm:1.52.0"
  checksum: 0d99a03585f8b39d68182803b12ac601d9c01abfa28ec56204fa330bc9f3d1c5e14beb049bafadb3dbdf646dfb94b87e24d4ec7b31b7279ef906a8ea9b6a513f
  languageName: node
  linkType: hard

"mime-types@npm:^2.1.27":
  version: 2.1.35
  resolution: "mime-types@npm:2.1.35"
  dependencies:
    mime-db: 1.52.0
  checksum: 89a5b7f1def9f3af5dad6496c5ed50191ae4331cc5389d7c521c8ad28d5fdad2d06fd81baf38fed813dc4e46bb55c8145bb0ff406330818c9cf712fb2e9b3836
  languageName: node
  linkType: hard

"neo-async@npm:^2.6.2":
  version: 2.6.2
  resolution: "neo-async@npm:2.6.2"
  checksum: deac9f8d00eda7b2e5cd1b2549e26e10a0faa70adaa6fdadca701cc55f49ee9018e427f424bac0c790b7c7e2d3068db97f3093f1093975f2acb8f8818b936ed9
  languageName: node
  linkType: hard

"node-releases@npm:^2.0.18":
  version: 2.0.18
  resolution: "node-releases@npm:2.0.18"
  checksum: ef55a3d853e1269a6d6279b7692cd6ff3e40bc74947945101138745bfdc9a5edabfe72cb19a31a8e45752e1910c4c65c77d931866af6357f242b172b7283f5b3
  languageName: node
  linkType: hard

"picocolors@npm:^1.1.0":
  version: 1.1.1
  resolution: "picocolors@npm:1.1.1"
  checksum: e1cf46bf84886c79055fdfa9dcb3e4711ad259949e3565154b004b260cd356c5d54b31a1437ce9782624bf766272fe6b0154f5f0c744fb7af5d454d2b60db045
  languageName: node
  linkType: hard

"punycode@npm:^2.1.0":
  version: 2.1.1
  resolution: "punycode@npm:2.1.1"
  checksum: 823bf443c6dd14f669984dea25757b37993f67e8d94698996064035edd43bed8a5a17a9f12e439c2b35df1078c6bec05a6c86e336209eb1061e8025c481168e8
  languageName: node
  linkType: hard

"randombytes@npm:^2.1.0":
  version: 2.1.0
  resolution: "randombytes@npm:2.1.0"
  dependencies:
    safe-buffer: ^5.1.0
  checksum: d779499376bd4cbb435ef3ab9a957006c8682f343f14089ed5f27764e4645114196e75b7f6abf1cbd84fd247c0cb0651698444df8c9bf30e62120fbbc52269d6
  languageName: node
  linkType: hard

"safe-buffer@npm:^5.1.0":
  version: 5.2.1
  resolution: "safe-buffer@npm:5.2.1"
  checksum: b99c4b41fdd67a6aaf280fcd05e9ffb0813654894223afb78a31f14a19ad220bba8aba1cb14eddce1fcfb037155fe6de4e861784eb434f7d11ed58d1e70dd491
  languageName: node
  linkType: hard

"schema-utils@npm:^3.1.1, schema-utils@npm:^3.2.0":
  version: 3.3.0
  resolution: "schema-utils@npm:3.3.0"
  dependencies:
    "@types/json-schema": ^7.0.8
    ajv: ^6.12.5
    ajv-keywords: ^3.5.2
  checksum: ea56971926fac2487f0757da939a871388891bc87c6a82220d125d587b388f1704788f3706e7f63a7b70e49fc2db974c41343528caea60444afd5ce0fe4b85c0
  languageName: node
  linkType: hard

"serialize-javascript@npm:^6.0.1":
  version: 6.0.1
  resolution: "serialize-javascript@npm:6.0.1"
  dependencies:
    randombytes: ^2.1.0
  checksum: 3c4f4cb61d0893b988415bdb67243637333f3f574e9e9cc9a006a2ced0b390b0b3b44aef8d51c951272a9002ec50885eefdc0298891bc27eb2fe7510ea87dc4f
  languageName: node
  linkType: hard

"source-map-support@npm:~0.5.20":
  version: 0.5.21
  resolution: "source-map-support@npm:0.5.21"
  dependencies:
    buffer-from: ^1.0.0
    source-map: ^0.6.0
  checksum: 43e98d700d79af1d36f859bdb7318e601dfc918c7ba2e98456118ebc4c4872b327773e5a1df09b0524e9e5063bb18f0934538eace60cca2710d1fa687645d137
  languageName: node
  linkType: hard

"source-map@npm:^0.6.0":
  version: 0.6.1
  resolution: "source-map@npm:0.6.1"
  checksum: 59ce8640cf3f3124f64ac289012c2b8bd377c238e316fb323ea22fbfe83da07d81e000071d7242cad7a23cd91c7de98e4df8830ec3f133cb6133a5f6e9f67bc2
  languageName: node
  linkType: hard

"supports-color@npm:^8.0.0":
  version: 8.1.1
  resolution: "supports-color@npm:8.1.1"
  dependencies:
    has-flag: ^4.0.0
  checksum: c052193a7e43c6cdc741eb7f378df605636e01ad434badf7324f17fb60c69a880d8d8fcdcb562cf94c2350e57b937d7425ab5b8326c67c2adc48f7c87c1db406
  languageName: node
  linkType: hard

"tapable@npm:^2.1.1, tapable@npm:^2.2.0":
  version: 2.2.1
  resolution: "tapable@npm:2.2.1"
  checksum: 3b7a1b4d86fa940aad46d9e73d1e8739335efd4c48322cb37d073eb6f80f5281889bf0320c6d8ffcfa1a0dd5bfdbd0f9d037e252ef972aca595330538aac4d51
  languageName: node
  linkType: hard

"terser-webpack-plugin@npm:^5.3.10":
  version: 5.3.10
  resolution: "terser-webpack-plugin@npm:5.3.10"
  dependencies:
    "@jridgewell/trace-mapping": ^0.3.20
    jest-worker: ^27.4.5
    schema-utils: ^3.1.1
    serialize-javascript: ^6.0.1
    terser: ^5.26.0
  peerDependencies:
    webpack: ^5.1.0
  peerDependenciesMeta:
    "@swc/core":
      optional: true
    esbuild:
      optional: true
    uglify-js:
      optional: true
  checksum: bd6e7596cf815f3353e2a53e79cbdec959a1b0276f5e5d4e63e9d7c3c5bb5306df567729da287d1c7b39d79093e56863c569c42c6c24cc34c76aa313bd2cbcea
  languageName: node
  linkType: hard

"terser@npm:^5.26.0":
  version: 5.36.0
  resolution: "terser@npm:5.36.0"
  dependencies:
    "@jridgewell/source-map": ^0.3.3
    acorn: ^8.8.2
    commander: ^2.20.0
    source-map-support: ~0.5.20
  bin:
    terser: bin/terser
  checksum: 489afd31901a2b170f7766948a3aa0e25da0acb41e9e35bd9f9b4751dfa2fc846e485f6fb9d34f0839a96af77f675b5fbf0a20c9aa54e0b8d7c219cf0b55e508
  languageName: node
  linkType: hard

"update-browserslist-db@npm:^1.1.0":
  version: 1.1.1
  resolution: "update-browserslist-db@npm:1.1.1"
  dependencies:
    escalade: ^3.2.0
    picocolors: ^1.1.0
  peerDependencies:
    browserslist: ">= 4.21.0"
  bin:
    update-browserslist-db: cli.js
  checksum: 2ea11bd2562122162c3e438d83a1f9125238c0844b6d16d366e3276d0c0acac6036822dc7df65fc5a89c699cdf9f174acf439c39bedf3f9a2f3983976e4b4c3e
  languageName: node
  linkType: hard

"uri-js@npm:^4.2.2":
  version: 4.4.1
  resolution: "uri-js@npm:4.4.1"
  dependencies:
    punycode: ^2.1.0
  checksum: 7167432de6817fe8e9e0c9684f1d2de2bb688c94388f7569f7dbdb1587c9f4ca2a77962f134ec90be0cc4d004c939ff0d05acc9f34a0db39a3c797dada262633
  languageName: node
  linkType: hard

"watchpack@npm:^2.4.1":
  version: 2.4.2
  resolution: "watchpack@npm:2.4.2"
  dependencies:
    glob-to-regexp: ^0.4.1
    graceful-fs: ^4.1.2
  checksum: 92d9d52ce3d16fd83ed6994d1dd66a4d146998882f4c362d37adfea9ab77748a5b4d1e0c65fa104797928b2d40f635efa8f9b925a6265428a69f1e1852ca3441
  languageName: node
  linkType: hard

"webpack-sources@npm:^3.2.3":
  version: 3.2.3
  resolution: "webpack-sources@npm:3.2.3"
  checksum: 989e401b9fe3536529e2a99dac8c1bdc50e3a0a2c8669cbafad31271eadd994bc9405f88a3039cd2e29db5e6d9d0926ceb7a1a4e7409ece021fe79c37d9c4607
  languageName: node
  linkType: hard

"webpack@npm:5.94.0":
  version: 5.94.0
  resolution: "webpack@npm:5.94.0"
  dependencies:
    "@types/estree": ^1.0.5
    "@webassemblyjs/ast": ^1.12.1
    "@webassemblyjs/wasm-edit": ^1.12.1
    "@webassemblyjs/wasm-parser": ^1.12.1
    acorn: ^8.7.1
    acorn-import-attributes: ^1.9.5
    browserslist: ^4.21.10
    chrome-trace-event: ^1.0.2
    enhanced-resolve: ^5.17.1
    es-module-lexer: ^1.2.1
    eslint-scope: 5.1.1
    events: ^3.2.0
    glob-to-regexp: ^0.4.1
    graceful-fs: ^4.2.11
    json-parse-even-better-errors: ^2.3.1
    loader-runner: ^4.2.0
    mime-types: ^2.1.27
    neo-async: ^2.6.2
    schema-utils: ^3.2.0
    tapable: ^2.1.1
    terser-webpack-plugin: ^5.3.10
    watchpack: ^2.4.1
    webpack-sources: ^3.2.3
  peerDependenciesMeta:
    webpack-cli:
      optional: true
  bin:
    webpack: bin/webpack.js
  checksum: 6a3d667be304a69cd6dcb8d676bc29f47642c0d389af514cfcd646eaaa809961bc6989fc4b2621a717dfc461130f29c6e20006d62a32e012dafaa9517813a4e6
  languageName: node
  linkType: hard
